// !$*UTF8*$!
{
	archiveVersion = 1;
	classes = {
	};
	objectVersion = 46;
	objects = {

/* Begin PBXBuildFile section */
		0A46BFC21E365B1F0084FFBE /* AppDelegate.swift in Sources */ = {isa = PBXBuildFile; fileRef = 0A46BFC11E365B1F0084FFBE /* AppDelegate.swift */; };
		0A46BFC41E365B1F0084FFBE /* ViewController.swift in Sources */ = {isa = PBXBuildFile; fileRef = 0A46BFC31E365B1F0084FFBE /* ViewController.swift */; };
		0A46BFC71E365B1F0084FFBE /* Main.storyboard in Resources */ = {isa = PBXBuildFile; fileRef = 0A46BFC51E365B1F0084FFBE /* Main.storyboard */; };
		0A46BFC91E365B1F0084FFBE /* Assets.xcassets in Resources */ = {isa = PBXBuildFile; fileRef = 0A46BFC81E365B1F0084FFBE /* Assets.xcassets */; };
		0A46BFCC1E365B1F0084FFBE /* LaunchScreen.storyboard in Resources */ = {isa = PBXBuildFile; fileRef = 0A46BFCA1E365B1F0084FFBE /* LaunchScreen.storyboard */; };
/* End PBXBuildFile section */

/* Begin PBXFileReference section */
		0A46BFBE1E365B1F0084FFBE /* MySwiftWorks.app */ = {isa = PBXFileReference; explicitFileType = wrapper.application; includeInIndex = 0; path = MySwiftWorks.app; sourceTree = BUILT_PRODUCTS_DIR; };
		0A46BFC11E365B1F0084FFBE /* AppDelegate.swift */ = {isa = PBXFileReference; lastKnownFileType = sourcecode.swift; path = AppDelegate.swift; sourceTree = "<group>"; };
		0A46BFC31E365B1F0084FFBE /* ViewController.swift */ = {isa = PBXFileReference; lastKnownFileType = sourcecode.swift; path = ViewController.swift; sourceTree = "<group>"; };
		0A46BFC61E365B1F0084FFBE /* Base */ = {isa = PBXFileReference; lastKnownFileType = file.storyboard; name = Base; path = Base.lproj/Main.storyboard; sourceTree = "<group>"; };
		0A46BFC81E365B1F0084FFBE /* Assets.xcassets */ = {isa = PBXFileReference; lastKnownFileType = folder.assetcatalog; path = Assets.xcassets; sourceTree = "<group>"; };
		0A46BFCB1E365B1F0084FFBE /* Base */ = {isa = PBXFileReference; lastKnownFileType = file.storyboard; name = Base; path = Base.lproj/LaunchScreen.storyboard; sourceTree = "<group>"; };
		0A46BFCD1E365B1F0084FFBE /* Info.plist */ = {isa = PBXFileReference; lastKnownFileType = text.plist.xml; path = Info.plist; sourceTree = "<group>"; };
/* End PBXFileReference section */

/* Begin PBXFrameworksBuildPhase section */
		0A46BFBB1E365B1F0084FFBE /* Frameworks */ = {
			isa = PBXFrameworksBuildPhase;
			buildActionMask = 2147483647;
			files = (
			);
			runOnlyForDeploymentPostprocessing = 0;
		};
/* End PBXFrameworksBuildPhase section */

/* Begin PBXGroup section */
		0A46BFB51E365B1F0084FFBE = {
			isa = PBXGroup;
			children = (
				0A46BFC01E365B1F0084FFBE /* MySwiftWorks */,
				0A46BFBF1E365B1F0084FFBE /* Products */,
			);
			sourceTree = "<group>";
		};
		0A46BFBF1E365B1F0084FFBE /* Products */ = {
			isa = PBXGroup;
			children = (
				0A46BFBE1E365B1F0084FFBE /* MySwiftWorks.app */,
			);
			name = Products;
			sourceTree = "<group>";
		};
		0A46BFC01E365B1F0084FFBE /* MySwiftWorks */ = {
			isa = PBXGroup;
			children = (
				0A46BFC11E365B1F0084FFBE /* AppDelegate.swift */,
				0A46BFC31E365B1F0084FFBE /* ViewController.swift */,
				0A46BFC51E365B1F0084FFBE /* Main.storyboard */,
				0A46BFC81E365B1F0084FFBE /* Assets.xcassets */,
				0A46BFCA1E365B1F0084FFBE /* LaunchScreen.storyboard */,
				0A46BFCD1E365B1F0084FFBE /* Info.plist */,
			);
			path = MySwiftWorks;
			sourceTree = "<group>";
		};
/* End PBXGroup section */

/* Begin PBXNativeTarget section */
		0A46BFBD1E365B1F0084FFBE /* MySwiftWorks */ = {
			isa = PBXNativeTarget;
			buildConfigurationList = 0A46BFD01E365B1F0084FFBE /* Build configuration list for PBXNativeTarget "MySwiftWorks" */;
			buildPhases = (
				0A46BFBA1E365B1F0084FFBE /* Sources */,
				0A46BFBB1E365B1F0084FFBE /* Frameworks */,
				0A46BFBC1E365B1F0084FFBE /* Resources */,
			);
			buildRules = (
			);
			dependencies = (
			);
			name = MySwiftWorks;
			productName = MySwiftWorks;
			productReference = 0A46BFBE1E365B1F0084FFBE /* MySwiftWorks.app */;
			productType = "com.apple.product-type.application";
		};
/* End PBXNativeTarget section */

/* Begin PBXProject section */
		0A46BFB61E365B1F0084FFBE /* Project object */ = {
			isa = PBXProject;
			attributes = {
				LastSwiftUpdateCheck = 0820;
				LastUpgradeCheck = 0820;
				ORGANIZATIONNAME = "Yakup Ad";
				TargetAttributes = {
					0A46BFBD1E365B1F0084FFBE = {
						CreatedOnToolsVersion = 8.2.1;
						DevelopmentTeam = D677J9K7QY;
						ProvisioningStyle = Automatic;
					};
				};
			};
			buildConfigurationList = 0A46BFB91E365B1F0084FFBE /* Build configuration list for PBXProject "MySwiftWorks" */;
			compatibilityVersion = "Xcode 3.2";
			developmentRegion = English;
			hasScannedForEncodings = 0;
			knownRegions = (
				en,
				Base,
			);
			mainGroup = 0A46BFB51E365B1F0084FFBE;
			productRefGroup = 0A46BFBF1E365B1F0084FFBE /* Products */;
			projectDirPath = "";
			projectRoot = "";
			targets = (
				0A46BFBD1E365B1F0084FFBE /* MySwiftWorks */,
			);
		};
/* End PBXProject section */

/* Begin PBXResourcesBuildPhase section */
		0A46BFBC1E365B1F0084FFBE /* Resources */ = {
			isa = PBXResourcesBuildPhase;
			buildActionMask = 2147483647;
			files = (
				0A46BFCC1E365B1F0084FFBE /* LaunchScreen.storyboard in Resources */,
				0A46BFC91E365B1F0084FFBE /* Assets.xcassets in Resources */,
				0A46BFC71E365B1F0084FFBE /* Main.storyboard in Resources */,
			);
			runOnlyForDeploymentPostprocessing = 0;
		};
/* End PBXResourcesBuildPhase section */

/* Begin PBXSourcesBuildPhase section */
		0A46BFBA1E365B1F0084FFBE /* Sources */ = {
			isa = PBXSourcesBuildPhase;
			buildActionMask = 2147483647;
			files = (
				0A46BFC41E365B1F0084FFBE /* ViewController.swift in Sources */,
				0A46BFC21E365B1F0084FFBE /* AppDelegate.swift in Sources */,
			);
			runOnlyForDeploymentPostprocessing = 0;
		};
/* End PBXSourcesBuildPhase section */

/* Begin PBXVariantGroup section */
		0A46BFC51E365B1F0084FFBE /* Main.storyboard */ = {
			isa = PBXVariantGroup;
			children = (
				0A46BFC61E365B1F0084FFBE /* Base */,
			);
			name = Main.storyboard;
			sourceTree = "<group>";
		};
		0A46BFCA1E365B1F0084FFBE /* LaunchScreen.storyboard */ = {
			isa = PBXVariantGroup;
			children = (
				0A46BFCB1E365B1F0084FFBE /* Base */,
			);
			name = LaunchScreen.storyboard;
			sourceTree = "<group>";
		};
/* End PBXVariantGroup section */

/* Begin XCBuildConfiguration section */
		0A46BFCE1E365B1F0084FFBE /* Debug */ = {
			isa = XCBuildConfiguration;
			buildSettings = {
				ALWAYS_SEARCH_USER_PATHS = NO;
				CLANG_ANALYZER_NONNULL = YES;
				CLANG_CXX_LANGUAGE_STANDARD = "gnu++0x";
				CLANG_CXX_LIBRARY = "libc++";
				CLANG_ENABLE_MODULES = YES;
				CLANG_ENABLE_OBJC_ARC = YES;
				CLANG_WARN_BOOL_CONVERSION = YES;
				CLANG_WARN_CONSTANT_CONVERSION = YES;
				CLANG_WARN_DIRECT_OBJC_ISA_USAGE = YES_ERROR;
				CLANG_WARN_DOCUMENTATION_COMMENTS = YES;
				CLANG_WARN_EMPTY_BODY = YES;
				CLANG_WARN_ENUM_CONVERSION = YES;
				CLANG_WARN_INFINITE_RECURSION = YES;
				CLANG_WARN_INT_CONVERSION = YES;
				CLANG_WARN_OBJC_ROOT_CLASS = YES_ERROR;
				CLANG_WARN_SUSPICIOUS_MOVE = YES;
				CLANG_WARN_UNREACHABLE_CODE = YES;
				CLANG_WARN__DUPLICATE_METHOD_MATCH = YES;
				"CODE_SIGN_IDENTITY[sdk=iphoneos*]" = "iPhone Developer";
				COPY_PHASE_STRIP = NO;
				DEBUG_INFORMATION_FORMAT = dwarf;
				ENABLE_STRICT_OBJC_MSGSEND = YES;
				ENABLE_TESTABILITY = YES;
				GCC_C_LANGUAGE_STANDARD = gnu99;
				GCC_DYNAMIC_NO_PIC = NO;
				GCC_NO_COMMON_BLOCKS = YES;
				GCC_OPTIMIZATION_LEVEL = 0;
				GCC_PREPROCESSOR_DEFINITIONS = (
					"DEBUG=1",
					"$(inherited)",
				);
				GCC_WARN_64_TO_32_BIT_CONVERSION = YES;
				GCC_WARN_ABOUT_RETURN_TYPE = YES_ERROR;
				GCC_WARN_UNDECLARED_SELECTOR = YES;
				GCC_WARN_UNINITIALIZED_AUTOS = YES_AGGRESSIVE;
				GCC_WARN_UNUSED_FUNCTION = YES;
				GCC_WARN_UNUSED_VARIABLE = YES;
				IPHONEOS_DEPLOYMENT_TARGET = 10.2;
				MTL_ENABLE_DEBUG_INFO = YES;
				ONLY_ACTIVE_ARCH = YES;
				SDKROOT = iphoneos;
				SWIFT_ACTIVE_COMPILATION_CONDITIONS = DEBUG;
				SWIFT_OPTIMIZATION_LEVEL = "-Onone";
			};
			name = Debug;
		};
		0A46BFCF1E365B1F0084FFBE /* Release */ = {
			isa = XCBuildConfiguration;
			buildSettings = {
				ALWAYS_SEARCH_USER_PATHS = NO;
				CLANG_ANALYZER_NONNULL = YES;
				CLANG_CXX_LANGUAGE_STANDARD = "gnu++0x";
				CLANG_CXX_LIBRARY = "libc++";
				CLANG_ENABLE_MODULES = YES;
				CLANG_ENABLE_OBJC_ARC = YES;
				CLANG_WARN_BOOL_CONVERSION = YES;
				CLANG_WARN_CONSTANT_CONVERSION = YES;
				CLANG_WARN_DIRECT_OBJC_ISA_USAGE = YES_ERROR;
				CLANG_WARN_DOCUMENTATION_COMMENTS = YES;
				CLANG_WARN_EMPTY_BODY = YES;
				CLANG_WARN_ENUM_CONVERSION = YES;
				CLANG_WARN_INFINITE_RECURSION = YES;
				CLANG_WARN_INT_CONVERSION = YES;
				CLANG_WARN_OBJC_ROOT_CLASS = YES_ERROR;
				CLANG_WARN_SUSPICIOUS_MOVE = YES;
				CLANG_WARN_UNREACHABLE_CODE = YES;
				CLANG_WARN__DUPLICATE_METHOD_MATCH = YES;
				"CODE_SIGN_IDENTITY[sdk=iphoneos*]" = "iPhone Developer";
				COPY_PHASE_STRIP = NO;
				DEBUG_INFORMATION_FORMAT = "dwarf-with-dsym";
				ENABLE_NS_ASSERTIONS = NO;
				ENABLE_STRICT_OBJC_MSGSEND = YES;
				GCC_C_LANGUAGE_STANDARD = gnu99;
				GCC_NO_COMMON_BLOCKS = YES;
				GCC_WARN_64_TO_32_BIT_CONVERSION = YES;
				GCC_WARN_ABOUT_RETURN_TYPE = YES_ERROR;
				GCC_WARN_UNDECLARED_SELECTOR = YES;
				GCC_WARN_UNINITIALIZED_AUTOS = YES_AGGRESSIVE;
				GCC_WARN_UNUSED_FUNCTION = YES;
				GCC_WARN_UNUSED_VARIABLE = YES;
				IPHONEOS_DEPLOYMENT_TARGET = 10.2;
				MTL_ENABLE_DEBUG_INFO = NO;
				SDKROOT = iphoneos;
				SWIFT_OPTIMIZATION_LEVEL = "-Owholemodule";
				VALIDATE_PRODUCT = YES;
			};
			name = Release;
		};
		0A46BFD11E365B1F0084FFBE /* Debug */ = {
			isa = XCBuildConfiguration;
			buildSettings = {
				ASSETCATALOG_COMPILER_APPICON_NAME = AppIcon;
				DEVELOPMENT_TEAM = D677J9K7QY;
				INFOPLIST_FILE = MySwiftWorks/Info.plist;
				LD_RUNPATH_SEARCH_PATHS = "$(inherited) @executable_path/Frameworks";
				PRODUCT_BUNDLE_IDENTIFIER = yakupad.MySwiftWorks;
				PRODUCT_NAME = "$(TARGET_NAME)";
				SWIFT_VERSION = 3.0;
			};
			name = Debug;
		};
		0A46BFD21E365B1F0084FFBE /* Release */ = {
			isa = XCBuildConfiguration;
			buildSettings = {
				ASSETCATALOG_COMPILER_APPICON_NAME = AppIcon;
				DEVELOPMENT_TEAM = D677J9K7QY;
				INFOPLIST_FILE = MySwiftWorks/Info.plist;
				LD_RUNPATH_SEARCH_PATHS = "$(inherited) @executable_path/Frameworks";
				PRODUCT_BUNDLE_IDENTIFIER = yakupad.MySwiftWorks;
				PRODUCT_NAME = "$(TARGET_NAME)";
				SWIFT_VERSION = 3.0;
			};
			name = Release;
		};
/* End XCBuildConfiguration section */

/* Begin XCConfigurationList section */
		0A46BFB91E365B1F0084FFBE /* Build configuration list for PBXProject "MySwiftWorks" */ = {
			isa = XCConfigurationList;
			buildConfigurations = (
				0A46BFCE1E365B1F0084FFBE /* Debug */,
				0A46BFCF1E365B1F0084FFBE /* Release */,
			);
			defaultConfigurationIsVisible = 0;
			defaultConfigurationName = Release;
		};
		0A46BFD01E365B1F0084FFBE /* Build configuration list for PBXNativeTarget "MySwiftWorks" */ = {
			isa = XCConfigurationList;
			buildConfigurations = (
				0A46BFD11E365B1F0084FFBE /* Debug */,
				0A46BFD21E365B1F0084FFBE /* Release */,
			);
			defaultConfigurationIsVisible = 0;
		};
/* End XCConfigurationList section */
	};
	rootObject = 0A46BFB61E365B1F0084FFBE /* Project object */;
}
